{
    "_readme": [
        "This file locks the dependencies of your project to a known state",
        "Read more about it at http://getcomposer.org/doc/01-basic-usage.md#composer-lock-the-lock-file",
        "This file is @generated automatically"
    ],
    "hash": "42b210d0e68d863cd1aba1fbd6fb9dd7",
    "packages": [
        {
            "name": "lastcraft/simpletest",
            "version": "1.1.0",
            "source": {
                "type": "git",
                "url": "https://github.com/lox/simpletest.git",
                "reference": "1c9db340b758919f16c46d496476432d94400955"
            },
            "dist": {
                "type": "zip",
                "url": "https://api.github.com/repos/lox/simpletest/zipball/1c9db340b758919f16c46d496476432d94400955",
                "reference": "1c9db340b758919f16c46d496476432d94400955",
                "shasum": ""
            },
            "require": {
                "php": ">=5.0.5"
            },
            "type": "library",
            "notification-url": "https://packagist.org/downloads/",
            "license": [
                "LGPL-2.0+"
            ],
            "authors": [
                {
                    "name": "Marcus Baker",
                    "email": "marcus@lastcraft.com",
                    "role": "Original project lead"
                }
            ],
            "description": "Unit testing, mock objects and web testing framework for PHP built around test cases.",
            "homepage": "http://simpletest.org/",
            "time": "2012-06-12 05:22:54"
        }
    ],
    "packages-dev": [

    ],
    "aliases": [

    ],
    "minimum-stability": "stable",
    "stability-flags": [

    ],
    "platform": [

    ],
    "platform-dev": [

    ]
}
